
Microsoft Visual Studio Solution File, Format Version 12.00
# Visual Studio Version 16
VisualStudioVersion = 16.0.28803.352
MinimumVisualStudioVersion = 10.0.40219.1
Project("{FAE04EC0-301F-11D3-BF4B-00C04F79EFBC}") = "26032021", "26032021.csproj", "{E6489232-9A47-4C83-801C-949CC944A537}"
EndProject
Project("{FAE04EC0-301F-11D3-BF4B-00C04F79EFBC}") = "26032021Task2", "..\26032021Task2\26032021Task2.csproj", "{B464B643-1CAF-4E9E-9204-39FE398269D2}"
EndProject
Project("{FAE04EC0-301F-11D3-BF4B-00C04F79EFBC}") = "26032021Task3", "..\26032021Task3\26032021Task3.csproj", "{574A51D2-D412-42E7-8BDE-0A7BD0C963EA}"
EndProject
Project("{FAE04EC0-301F-11D3-BF4B-00C04F79EFBC}") = "26032021Task4", "..\26032021Task4\26032021Task4.csproj", "{6247190F-8EDE-4DDF-B229-956A57F6E562}"
EndProject
Global
	GlobalSection(SolutionConfigurationPlatforms) = preSolution
		Debug|Any CPU = Debug|Any CPU
		Release|Any CPU = Release|Any CPU
	EndGlobalSection
	GlobalSection(ProjectConfigurationPlatforms) = postSolution
		{E6489232-9A47-4C83-801C-949CC944A537}.Debug|Any CPU.ActiveCfg = Debug|Any CPU
		{E6489232-9A47-4C83-801C-949CC944A537}.Debug|Any CPU.Build.0 = Debug|Any CPU
		{E6489232-9A47-4C83-801C-949CC944A537}.Release|Any CPU.ActiveCfg = Release|Any CPU
		{E6489232-9A47-4C83-801C-949CC944A537}.Release|Any CPU.Build.0 = Release|Any CPU
		{B464B643-1CAF-4E9E-9204-39FE398269D2}.Debug|Any CPU.ActiveCfg = Debug|Any CPU
		{B464B643-1CAF-4E9E-9204-39FE398269D2}.Debug|Any CPU.Build.0 = Debug|Any CPU
		{B464B643-1CAF-4E9E-9204-39FE398269D2}.Release|Any CPU.ActiveCfg = Release|Any CPU
		{B464B643-1CAF-4E9E-9204-39FE398269D2}.Release|Any CPU.Build.0 = Release|Any CPU
		{574A51D2-D412-42E7-8BDE-0A7BD0C963EA}.Debug|Any CPU.ActiveCfg = Debug|Any CPU
		{574A51D2-D412-42E7-8BDE-0A7BD0C963EA}.Debug|Any CPU.Build.0 = Debug|Any CPU
		{574A51D2-D412-42E7-8BDE-0A7BD0C963EA}.Release|Any CPU.ActiveCfg = Release|Any CPU
		{574A51D2-D412-42E7-8BDE-0A7BD0C963EA}.Release|Any CPU.Build.0 = Release|Any CPU
		{6247190F-8EDE-4DDF-B229-956A57F6E562}.Debug|Any CPU.ActiveCfg = Debug|Any CPU
		{6247190F-8EDE-4DDF-B229-956A57F6E562}.Debug|Any CPU.Build.0 = Debug|Any CPU
		{6247190F-8EDE-4DDF-B229-956A57F6E562}.Release|Any CPU.ActiveCfg = Release|Any CPU
		{6247190F-8EDE-4DDF-B229-956A57F6E562}.Release|Any CPU.Build.0 = Release|Any CPU
	EndGlobalSection
	GlobalSection(SolutionProperties) = preSolution
		HideSolutionNode = FALSE
	EndGlobalSection
	GlobalSection(ExtensibilityGlobals) = postSolution
		SolutionGuid = {9A10472F-DAFA-4484-A4CE-09D59573E832}
	EndGlobalSection
EndGlobal
